// !$*UTF8*$!
{
	archiveVersion = 1;
	classes = {
	};
	objectVersion = 46;
	objects = {

/* Begin PBXBuildFile section */
		AD8D5FC31AA6E16400286A93 /* AppDelegate.swift in Sources */ = {isa = PBXBuildFile; fileRef = AD8D5FC21AA6E16400286A93 /* AppDelegate.swift */; };
		AD8D5FC51AA6E16400286A93 /* ViewController.swift in Sources */ = {isa = PBXBuildFile; fileRef = AD8D5FC41AA6E16400286A93 /* ViewController.swift */; };
		AD8D5FC81AA6E16400286A93 /* Main.storyboard in Resources */ = {isa = PBXBuildFile; fileRef = AD8D5FC61AA6E16400286A93 /* Main.storyboard */; };
		AD8D5FCA1AA6E16400286A93 /* Images.xcassets in Resources */ = {isa = PBXBuildFile; fileRef = AD8D5FC91AA6E16400286A93 /* Images.xcassets */; };
		AD8D5FCD1AA6E16400286A93 /* LaunchScreen.xib in Resources */ = {isa = PBXBuildFile; fileRef = AD8D5FCB1AA6E16400286A93 /* LaunchScreen.xib */; };
		AD8D5FD91AA6E16400286A93 /* coffeMeTests.swift in Sources */ = {isa = PBXBuildFile; fileRef = AD8D5FD81AA6E16400286A93 /* coffeMeTests.swift */; };
/* End PBXBuildFile section */

/* Begin PBXContainerItemProxy section */
		AD8D5FD31AA6E16400286A93 /* PBXContainerItemProxy */ = {
			isa = PBXContainerItemProxy;
			containerPortal = AD8D5FB51AA6E16400286A93 /* Project object */;
			proxyType = 1;
			remoteGlobalIDString = AD8D5FBC1AA6E16400286A93;
			remoteInfo = coffeMe;
		};
/* End PBXContainerItemProxy section */

/* Begin PBXFileReference section */
		AD8D5FBD1AA6E16400286A93 /* coffeMe.app */ = {isa = PBXFileReference; explicitFileType = wrapper.application; includeInIndex = 0; path = coffeMe.app; sourceTree = BUILT_PRODUCTS_DIR; };
		AD8D5FC11AA6E16400286A93 /* Info.plist */ = {isa = PBXFileReference; lastKnownFileType = text.plist.xml; path = Info.plist; sourceTree = "<group>"; };
		AD8D5FC21AA6E16400286A93 /* AppDelegate.swift */ = {isa = PBXFileReference; lastKnownFileType = sourcecode.swift; path = AppDelegate.swift; sourceTree = "<group>"; };
		AD8D5FC41AA6E16400286A93 /* ViewController.swift */ = {isa = PBXFileReference; lastKnownFileType = sourcecode.swift; path = ViewController.swift; sourceTree = "<group>"; };
		AD8D5FC71AA6E16400286A93 /* Base */ = {isa = PBXFileReference; lastKnownFileType = file.storyboard; name = Base; path = Base.lproj/Main.storyboard; sourceTree = "<group>"; };
		AD8D5FC91AA6E16400286A93 /* Images.xcassets */ = {isa = PBXFileReference; lastKnownFileType = folder.assetcatalog; path = Images.xcassets; sourceTree = "<group>"; };
		AD8D5FCC1AA6E16400286A93 /* Base */ = {isa = PBXFileReference; lastKnownFileType = file.xib; name = Base; path = Base.lproj/LaunchScreen.xib; sourceTree = "<group>"; };
		AD8D5FD21AA6E16400286A93 /* coffeMeTests.xctest */ = {isa = PBXFileReference; explicitFileType = wrapper.cfbundle; includeInIndex = 0; path = coffeMeTests.xctest; sourceTree = BUILT_PRODUCTS_DIR; };
		AD8D5FD71AA6E16400286A93 /* Info.plist */ = {isa = PBXFileReference; lastKnownFileType = text.plist.xml; path = Info.plist; sourceTree = "<group>"; };
		AD8D5FD81AA6E16400286A93 /* coffeMeTests.swift */ = {isa = PBXFileReference; lastKnownFileType = sourcecode.swift; path = coffeMeTests.swift; sourceTree = "<group>"; };
/* End PBXFileReference section */

/* Begin PBXFrameworksBuildPhase section */
		AD8D5FBA1AA6E16400286A93 /* Frameworks */ = {
			isa = PBXFrameworksBuildPhase;
			buildActionMask = 2147483647;
			files = (
			);
			runOnlyForDeploymentPostprocessing = 0;
		};
		AD8D5FCF1AA6E16400286A93 /* Frameworks */ = {
			isa = PBXFrameworksBuildPhase;
			buildActionMask = 2147483647;
			files = (
			);
			runOnlyForDeploymentPostprocessing = 0;
		};
/* End PBXFrameworksBuildPhase section */

/* Begin PBXGroup section */
		AD8D5FB41AA6E16400286A93 = {
			isa = PBXGroup;
			children = (
				AD8D5FBF1AA6E16400286A93 /* coffeMe */,
				AD8D5FD51AA6E16400286A93 /* coffeMeTests */,
				AD8D5FBE1AA6E16400286A93 /* Products */,
			);
			sourceTree = "<group>";
		};
		AD8D5FBE1AA6E16400286A93 /* Products */ = {
			isa = PBXGroup;
			children = (
				AD8D5FBD1AA6E16400286A93 /* coffeMe.app */,
				AD8D5FD21AA6E16400286A93 /* coffeMeTests.xctest */,
			);
			name = Products;
			sourceTree = "<group>";
		};
		AD8D5FBF1AA6E16400286A93 /* coffeMe */ = {
			isa = PBXGroup;
			children = (
				AD8D5FC21AA6E16400286A93 /* AppDelegate.swift */,
				AD8D5FC41AA6E16400286A93 /* ViewController.swift */,
				AD8D5FC61AA6E16400286A93 /* Main.storyboard */,
				AD8D5FC91AA6E16400286A93 /* Images.xcassets */,
				AD8D5FCB1AA6E16400286A93 /* LaunchScreen.xib */,
				AD8D5FC01AA6E16400286A93 /* Supporting Files */,
			);
			path = coffeMe;
			sourceTree = "<group>";
		};
		AD8D5FC01AA6E16400286A93 /* Supporting Files */ = {
			isa = PBXGroup;
			children = (
				AD8D5FC11AA6E16400286A93 /* Info.plist */,
			);
			name = "Supporting Files";
			sourceTree = "<group>";
		};
		AD8D5FD51AA6E16400286A93 /* coffeMeTests */ = {
			isa = PBXGroup;
			children = (
				AD8D5FD81AA6E16400286A93 /* coffeMeTests.swift */,
				AD8D5FD61AA6E16400286A93 /* Supporting Files */,
			);
			path = coffeMeTests;
			sourceTree = "<group>";
		};
		AD8D5FD61AA6E16400286A93 /* Supporting Files */ = {
			isa = PBXGroup;
			children = (
				AD8D5FD71AA6E16400286A93 /* Info.plist */,
			);
			name = "Supporting Files";
			sourceTree = "<group>";
		};
/* End PBXGroup section */

/* Begin PBXNativeTarget section */
		AD8D5FBC1AA6E16400286A93 /* coffeMe */ = {
			isa = PBXNativeTarget;
			buildConfigurationList = AD8D5FDC1AA6E16400286A93 /* Build configuration list for PBXNativeTarget "coffeMe" */;
			buildPhases = (
				AD8D5FB91AA6E16400286A93 /* Sources */,
				AD8D5FBA1AA6E16400286A93 /* Frameworks */,
				AD8D5FBB1AA6E16400286A93 /* Resources */,
			);
			buildRules = (
			);
			dependencies = (
			);
			name = coffeMe;
			productName = coffeMe;
			productReference = AD8D5FBD1AA6E16400286A93 /* coffeMe.app */;
			productType = "com.apple.product-type.application";
		};
		AD8D5FD11AA6E16400286A93 /* coffeMeTests */ = {
			isa = PBXNativeTarget;
			buildConfigurationList = AD8D5FDF1AA6E16400286A93 /* Build configuration list for PBXNativeTarget "coffeMeTests" */;
			buildPhases = (
				AD8D5FCE1AA6E16400286A93 /* Sources */,
				AD8D5FCF1AA6E16400286A93 /* Frameworks */,
				AD8D5FD01AA6E16400286A93 /* Resources */,
			);
			buildRules = (
			);
			dependencies = (
				AD8D5FD41AA6E16400286A93 /* PBXTargetDependency */,
			);
			name = coffeMeTests;
			productName = coffeMeTests;
			productReference = AD8D5FD21AA6E16400286A93 /* coffeMeTests.xctest */;
			productType = "com.apple.product-type.bundle.unit-test";
		};
/* End PBXNativeTarget section */

/* Begin PBXProject section */
		AD8D5FB51AA6E16400286A93 /* Project object */ = {
			isa = PBXProject;
			attributes = {
				LastUpgradeCheck = 0610;
				ORGANIZATIONNAME = "Roy Cao";
				TargetAttributes = {
					AD8D5FBC1AA6E16400286A93 = {
						CreatedOnToolsVersion = 6.1.1;
						DevelopmentTeam = 44JAMUTZ6U;
					};
					AD8D5FD11AA6E16400286A93 = {
						CreatedOnToolsVersion = 6.1.1;
						TestTargetID = AD8D5FBC1AA6E16400286A93;
					};
				};
			};
			buildConfigurationList = AD8D5FB81AA6E16400286A93 /* Build configuration list for PBXProject "coffeMe" */;
			compatibilityVersion = "Xcode 3.2";
			developmentRegion = English;
			hasScannedForEncodings = 0;
			knownRegions = (
				en,
				Base,
			);
			mainGroup = AD8D5FB41AA6E16400286A93;
			productRefGroup = AD8D5FBE1AA6E16400286A93 /* Products */;
			projectDirPath = "";
			projectRoot = "";
			targets = (
				AD8D5FBC1AA6E16400286A93 /* coffeMe */,
				AD8D5FD11AA6E16400286A93 /* coffeMeTests */,
			);
		};
/* End PBXProject section */

/* Begin PBXResourcesBuildPhase section */
		AD8D5FBB1AA6E16400286A93 /* Resources */ = {
			isa = PBXResourcesBuildPhase;
			buildActionMask = 2147483647;
			files = (
				AD8D5FC81AA6E16400286A93 /* Main.storyboard in Resources */,
				AD8D5FCD1AA6E16400286A93 /* LaunchScreen.xib in Resources */,
				AD8D5FCA1AA6E16400286A93 /* Images.xcassets in Resources */,
			);
			runOnlyForDeploymentPostprocessing = 0;
		};
		AD8D5FD01AA6E16400286A93 /* Resources */ = {
			isa = PBXResourcesBuildPhase;
			buildActionMask = 2147483647;
			files = (
			);
			runOnlyForDeploymentPostprocessing = 0;
		};
/* End PBXResourcesBuildPhase section */

/* Begin PBXSourcesBuildPhase section */
		AD8D5FB91AA6E16400286A93 /* Sources */ = {
			isa = PBXSourcesBuildPhase;
			buildActionMask = 2147483647;
			files = (
				AD8D5FC51AA6E16400286A93 /* ViewController.swift in Sources */,
				AD8D5FC31AA6E16400286A93 /* AppDelegate.swift in Sources */,
			);
			runOnlyForDeploymentPostprocessing = 0;
		};
		AD8D5FCE1AA6E16400286A93 /* Sources */ = {
			isa = PBXSourcesBuildPhase;
			buildActionMask = 2147483647;
			files = (
				AD8D5FD91AA6E16400286A93 /* coffeMeTests.swift in Sources */,
			);
			runOnlyForDeploymentPostprocessing = 0;
		};
/* End PBXSourcesBuildPhase section */

/* Begin PBXTargetDependency section */
		AD8D5FD41AA6E16400286A93 /* PBXTargetDependency */ = {
			isa = PBXTargetDependency;
			target = AD8D5FBC1AA6E16400286A93 /* coffeMe */;
			targetProxy = AD8D5FD31AA6E16400286A93 /* PBXContainerItemProxy */;
		};
/* End PBXTargetDependency section */

/* Begin PBXVariantGroup section */
		AD8D5FC61AA6E16400286A93 /* Main.storyboard */ = {
			isa = PBXVariantGroup;
			children = (
				AD8D5FC71AA6E16400286A93 /* Base */,
			);
			name = Main.storyboard;
			sourceTree = "<group>";
		};
		AD8D5FCB1AA6E16400286A93 /* LaunchScreen.xib */ = {
			isa = PBXVariantGroup;
			children = (
				AD8D5FCC1AA6E16400286A93 /* Base */,
			);
			name = LaunchScreen.xib;
			sourceTree = "<group>";
		};
/* End PBXVariantGroup section */

/* Begin XCBuildConfiguration section */
		AD8D5FDA1AA6E16400286A93 /* Debug */ = {
			isa = XCBuildConfiguration;
			buildSettings = {
				ALWAYS_SEARCH_USER_PATHS = NO;
				CLANG_CXX_LANGUAGE_STANDARD = "gnu++0x";
				CLANG_CXX_LIBRARY = "libc++";
				CLANG_ENABLE_MODULES = YES;
				CLANG_ENABLE_OBJC_ARC = YES;
				CLANG_WARN_BOOL_CONVERSION = YES;
				CLANG_WARN_CONSTANT_CONVERSION = YES;
				CLANG_WARN_DIRECT_OBJC_ISA_USAGE = YES_ERROR;
				CLANG_WARN_EMPTY_BODY = YES;
				CLANG_WARN_ENUM_CONVERSION = YES;
				CLANG_WARN_INT_CONVERSION = YES;
				CLANG_WARN_OBJC_ROOT_CLASS = YES_ERROR;
				CLANG_WARN_UNREACHABLE_CODE = YES;
				CLANG_WARN__DUPLICATE_METHOD_MATCH = YES;
				"CODE_SIGN_IDENTITY[sdk=iphoneos*]" = "iPhone Developer";
				COPY_PHASE_STRIP = NO;
				ENABLE_STRICT_OBJC_MSGSEND = YES;
				GCC_C_LANGUAGE_STANDARD = gnu99;
				GCC_DYNAMIC_NO_PIC = NO;
				GCC_OPTIMIZATION_LEVEL = 0;
				GCC_PREPROCESSOR_DEFINITIONS = (
					"DEBUG=1",
					"$(inherited)",
				);
				GCC_SYMBOLS_PRIVATE_EXTERN = NO;
				GCC_WARN_64_TO_32_BIT_CONVERSION = YES;
				GCC_WARN_ABOUT_RETURN_TYPE = YES_ERROR;
				GCC_WARN_UNDECLARED_SELECTOR = YES;
				GCC_WARN_UNINITIALIZED_AUTOS = YES_AGGRESSIVE;
				GCC_WARN_UNUSED_FUNCTION = YES;
				GCC_WARN_UNUSED_VARIABLE = YES;
				IPHONEOS_DEPLOYMENT_TARGET = 8.1;
				MTL_ENABLE_DEBUG_INFO = YES;
				ONLY_ACTIVE_ARCH = YES;
				SDKROOT = iphoneos;
				SWIFT_OPTIMIZATION_LEVEL = "-Onone";
				TARGETED_DEVICE_FAMILY = "1,2";
			};
			name = Debug;
		};
		AD8D5FDB1AA6E16400286A93 /* Release */ = {
			isa = XCBuildConfiguration;
			buildSettings = {
				ALWAYS_SEARCH_USER_PATHS = NO;
				CLANG_CXX_LANGUAGE_STANDARD = "gnu++0x";
				CLANG_CXX_LIBRARY = "libc++";
				CLANG_ENABLE_MODULES = YES;
				CLANG_ENABLE_OBJC_ARC = YES;
				CLANG_WARN_BOOL_CONVERSION = YES;
				CLANG_WARN_CONSTANT_CONVERSION = YES;
				CLANG_WARN_DIRECT_OBJC_ISA_USAGE = YES_ERROR;
				CLANG_WARN_EMPTY_BODY = YES;
				CLANG_WARN_ENUM_CONVERSION = YES;
				CLANG_WARN_INT_CONVERSION = YES;
				CLANG_WARN_OBJC_ROOT_CLASS = YES_ERROR;
				CLANG_WARN_UNREACHABLE_CODE = YES;
				CLANG_WARN__DUPLICATE_METHOD_MATCH = YES;
				"CODE_SIGN_IDENTITY[sdk=iphoneos*]" = "iPhone Developer";
				COPY_PHASE_STRIP = YES;
				ENABLE_NS_ASSERTIONS = NO;
				ENABLE_STRICT_OBJC_MSGSEND = YES;
				GCC_C_LANGUAGE_STANDARD = gnu99;
				GCC_WARN_64_TO_32_BIT_CONVERSION = YES;
				GCC_WARN_ABOUT_RETURN_TYPE = YES_ERROR;
				GCC_WARN_UNDECLARED_SELECTOR = YES;
				GCC_WARN_UNINITIALIZED_AUTOS = YES_AGGRESSIVE;
				GCC_WARN_UNUSED_FUNCTION = YES;
				GCC_WARN_UNUSED_VARIABLE = YES;
				IPHONEOS_DEPLOYMENT_TARGET = 8.1;
				MTL_ENABLE_DEBUG_INFO = NO;
				SDKROOT = iphoneos;
				TARGETED_DEVICE_FAMILY = "1,2";
				VALIDATE_PRODUCT = YES;
			};
			name = Release;
		};
		AD8D5FDD1AA6E16400286A93 /* Debug */ = {
			isa = XCBuildConfiguration;
			buildSettings = {
				ASSETCATALOG_COMPILER_APPICON_NAME = AppIcon;
				CODE_SIGN_IDENTITY = "iPhone Developer";
				"CODE_SIGN_IDENTITY[sdk=iphoneos*]" = "iPhone Developer";
				INFOPLIST_FILE = coffeMe/Info.plist;
				LD_RUNPATH_SEARCH_PATHS = "$(inherited) @executable_path/Frameworks";
				PRODUCT_NAME = "$(TARGET_NAME)";
				PROVISIONING_PROFILE = "";
			};
			name = Debug;
		};
		AD8D5FDE1AA6E16400286A93 /* Release */ = {
			isa = XCBuildConfiguration;
			buildSettings = {
				ASSETCATALOG_COMPILER_APPICON_NAME = AppIcon;
				CODE_SIGN_IDENTITY = "iPhone Developer";
				"CODE_SIGN_IDENTITY[sdk=iphoneos*]" = "iPhone Developer";
				INFOPLIST_FILE = coffeMe/Info.plist;
				LD_RUNPATH_SEARCH_PATHS = "$(inherited) @executable_path/Frameworks";
				PRODUCT_NAME = "$(TARGET_NAME)";
				PROVISIONING_PROFILE = "";
			};
			name = Release;
		};
		AD8D5FE01AA6E16400286A93 /* Debug */ = {
			isa = XCBuildConfiguration;
			buildSettings = {
				BUNDLE_LOADER = "$(TEST_HOST)";
				FRAMEWORK_SEARCH_PATHS = (
					"$(SDKROOT)/Developer/Library/Frameworks",
					"$(inherited)",
				);
				GCC_PREPROCESSOR_DEFINITIONS = (
					"DEBUG=1",
					"$(inherited)",
				);
				INFOPLIST_FILE = coffeMeTests/Info.plist;
				LD_RUNPATH_SEARCH_PATHS = "$(inherited) @executable_path/Frameworks @loader_path/Frameworks";
				PRODUCT_NAME = "$(TARGET_NAME)";
				TEST_HOST = "$(BUILT_PRODUCTS_DIR)/coffeMe.app/coffeMe";
			};
			name = Debug;
		};
		AD8D5FE11AA6E16400286A93 /* Release */ = {
			isa = XCBuildConfiguration;
			buildSettings = {
				BUNDLE_LOADER = "$(TEST_HOST)";
				FRAMEWORK_SEARCH_PATHS = (
					"$(SDKROOT)/Developer/Library/Frameworks",
					"$(inherited)",
				);
				INFOPLIST_FILE = coffeMeTests/Info.plist;
				LD_RUNPATH_SEARCH_PATHS = "$(inherited) @executable_path/Frameworks @loader_path/Frameworks";
				PRODUCT_NAME = "$(TARGET_NAME)";
				TEST_HOST = "$(BUILT_PRODUCTS_DIR)/coffeMe.app/coffeMe";
			};
			name = Release;
		};
/* End XCBuildConfiguration section */

/* Begin XCConfigurationList section */
		AD8D5FB81AA6E16400286A93 /* Build configuration list for PBXProject "coffeMe" */ = {
			isa = XCConfigurationList;
			buildConfigurations = (
				AD8D5FDA1AA6E16400286A93 /* Debug */,
				AD8D5FDB1AA6E16400286A93 /* Release */,
			);
			defaultConfigurationIsVisible = 0;
			defaultConfigurationName = Release;
		};
		AD8D5FDC1AA6E16400286A93 /* Build configuration list for PBXNativeTarget "coffeMe" */ = {
			isa = XCConfigurationList;
			buildConfigurations = (
				AD8D5FDD1AA6E16400286A93 /* Debug */,
				AD8D5FDE1AA6E16400286A93 /* Release */,
			);
			defaultConfigurationIsVisible = 0;
		};
		AD8D5FDF1AA6E16400286A93 /* Build configuration list for PBXNativeTarget "coffeMeTests" */ = {
			isa = XCConfigurationList;
			buildConfigurations = (
				AD8D5FE01AA6E16400286A93 /* Debug */,
				AD8D5FE11AA6E16400286A93 /* Release */,
			);
			defaultConfigurationIsVisible = 0;
		};
/* End XCConfigurationList section */
	};
	rootObject = AD8D5FB51AA6E16400286A93 /* Project object */;
}
